//#-p stonebrick 0 -b 527 20 -831 -print
/// C:\Users\Austin\Documents\Austin\powder game code\eGO\Events & Commands\Races\FBR - Frostburn Run\PCBP_FrostburnRace.cbp

//<Defines
DEFINE $CMDName$ FBR
DEFINE $CMDSizeX$ 10
DEFINE $CMDSizeY$ 8
DEFINE $CMDSizeZ$ 6

DEFINE $Style$ 10 10 0
DEFINE $SA$ x=433,y=3,z=-841,dx=90,dy=50,dz=90

///	Name
DEFINE $Name$ Frostburn
///	Text display name
DEFINE $TD$ FBR
///	Hover and scoreboard name
DEFINE $TDName$ Frostburn Run
///	Scoreboard teams color
DEFINE $Color$ aqua
///	Place where air is when open
DEFINE $Dao$ 510 8 -833 510 8 -821
///	Place where redstone blocks are there when open
DEFINE $Dro$ 
///	Spawn Coords for teleporting
DEFINE $SC$ 517 11 -827 90 0
///	Spawn Coords ID
DEFINE $SPid$ 19

///	Checkpoint number
DEFINE $CPn$ 3
///	Block for teleporting
 DEFINE $Block$ hay_block -1
///	Spawn area
DEFINE $Spn$ x=511,y=10,z=-833,dx=11,dy=9,dz=12
///	Portal
DEFINE $Ptl$ x=514,y=13,z=-794,dx=3,dy=3
///	Magma Maze
DEFINE $MM$ x=510,y=10,z=-792,dx=11,dy=5,dz=11

///	Checkpoints for detection of players
DEFINE $CPdp1$ x=448,y=10,z=-803,dx=4,dy=5,dz=2
DEFINE $CPdp2$ x=513,y=11,z=-793,dx=5,dy=6
DEFINE $CPdp2$ x=513,y=11,z=-793,dx=5,dy=6
DEFINE $CPdp3$ x=492,y=21,z=-779,dx=4,dy=5,dz=4

///	Checkpoint teleports
DEFINE $CPtp0$ 514 11 -827 90 0
DEFINE $CPtp1$ 450 11 -802 -90 0
DEFINE $CPtp2$ 516.0 12 -793 0 45
DEFINE $CPtp3$ 494 21 -778 90 20

///	1st Place Select
DEFINE $Win1S$ x=434,y=13,z=-778,dy=1,dz=1
///	1st Place Message
DEFINE $Win1M$ took first place!
///	1st Place Fill Coords
DEFINE $Win1F$ 435 10 -778 435 10 -777
///	1st Place Fill Block
DEFINE $Win1B$ redstone_block

///	2nd Place Select
DEFINE $Win2S$ x=434,y=12,z=-781,dy=1
///	2nd Place Message
DEFINE $Win2M$ took second place!
///	2nd Place Fill Coords
DEFINE $Win2F$ 435 9 -781 435 9 -781
///	2nd Place Fill Block
DEFINE $Win2B$ redstone_block

///	3rd Place Select
DEFINE $Win3S$ x=434,y=11,z=-774,dy=1
///	3rd Place Message
DEFINE $Win3M$ took third place!
///	3rd Place Fill Coords
DEFINE $Win3F$ 435 8 -774 435 8 -774
///	3rd Place Fill Block
DEFINE $Win3B$ redstone_block

PCBPIMPORT PCBPI_PosRX.cbp
//>

//<Comments
FUNC Func_RandomComments
	
END
//>

//<To Do 
FUNC Func_ToDoThings
TDWorks TDTest TDFix
Mandatory Unimplemented Changes:
	-
	
General Unimplemented Changes:
	-
	
Bugs:
	-
	
Implemented Changes:
	-
	
Bug fixes:
	-
	
END
//>

//<General Scoreboard Start
FUNC Func_EditGeneralScoreboardStart
	
END
//>

//<General Scoreboard Clock
FUNC Func_EditGeneralScoreboardClock
	effect @a[$SA$,m=2,team=$Name$R] 12 3 0 true
	effect @a[$MM$,m=2,team=$Name$R] 12 0 0 true
	$s$tp @a[$Ptl$,m=2,team=$Name$R] ~ ~ ~1
END
//>

//<Countdown Clock
FUNC Func_EditCountdownClock
	@e[type=AreaEffectCloud,$Name$RaceCD,$Name$RaceCD=120] fill $Dao$ stonebrick 0 replace redstone_block 0
///	@e[type=AreaEffectCloud,$Name$RaceCD,$Name$RaceCD=120] fill $Dro$ redstone_block 0 replace stonebrick 0
END
//>

//<General Scoreboard End
FUNC Func_EditGeneralScoreboardEnd
	fill $Dao$ redstone_block 0 replace stonebrick 0
///	fill $Dro$ stonebrick 0 replace redstone_block 0
END

PCBPIMPORT PCBPI_CheckpointRace.cbp
//>










