
///	Does not have $Style$
///	PCBPB_PosZ.cbp
DEFINE SetblockTestfor setblock ~ ~ ~ repeating_command_block 11 replace {TrackOutput:0b,auto:1b}

FUNC Func_CMDSave
	fill 0x -1y 0z 3x -3y 3z air 0
	setblock 1x -1y 1z structure_block 0 replace {name:"CMDSave_$CMDName$",mode:"SAVE",posX:0,posY:2,posZ:0,sizeX:$CMDSizeX$,sizeY:$CMDSizeY$,sizeZ:$CMDSizeZ$}
	setblock 1x -3y 1z structure_block 0 replace {name:"CMDSave_$CMDName$",mode:"LOAD",posX:0,posY:4,posZ:0}
	setblock 1x -1y 0z wooden_button 4
	setblock 1x -3y 0z wooden_button 4
	setblock 2x -1y 1z redstone_lamp 0
	setblock 2x -3y 1z redstone_lamp 0
	setblock 1x -1y 2z minecraft:command_block 3 replace {TrackOutput:0b,Command:"setblock ~1 ~ ~ redstone_block 0"}
END
