
///	Lap races
///	PCBPB_LapRace.cbp

//<Race Specific Start
FUNC Func_RaceSpecificStart
	
END
//>

//<Race Specific Clock
FUNC Func_RaceSpecificClock
	@a[$SA$,m=2,team=$Name$R] $Name$Race + 0
	ScTG @a[$lapSP$,m=2,team=$Name$R,$Name$Race>=0,!$Name$Lap] add $Name$Lap
	@a[$lap$,m=2,team=$Name$R,$Name$Race>=0,!$Name$Lap] $Name$Race + 1
	@a[$lap$,m=2,team=$Name$R,$Name$Race>=1,!$Name$Lap] tellraw @a[$SA$] $TextStart${"selector":"@a[c=1,r=0,m=2,team=$Name$R,$Name$Race>=1,!$Name$Lap]"},{"text":" has finished a lap!","color":"yellow"}]}
	@a[$lap$,m=2,team=$Name$R,$Name$Race>=1,!$Name$Lap] playsound minecraft:entity.experience_orb.touch voice @a
	ScTG @a[$lap$,m=2,team=$Name$R,$Name$Race>=0,!$Name$Lap] add $Name$Lap
	ScTG @a[$lapAF$,m=2,team=$Name$R,$Name$Race>=0,$Name$Lap] remove $Name$Lap
END
//>

//<Race Specific End Clock
FUNC Func_RaceSpecificEndClock
	
END
//>

//<Race Specific End
FUNC Func_RaceSpecificEnd
///	Scoreboard
	ScTG * remove $Name$Lap
END
//>