//#-p stonebrick 0 -b x y z -print
///	

//<Defines
DEFINE $SA$ x=#,y=#,z=#,dx=#,dy=#,dz=#
DEFINE $SPpvp$ 0
DEFINE $SPsat$ 1
DEFINE $SPid$ 23

DEFINE $CMDName$ PVP_OldCTF
DEFINE $CMDSizeX$ 16
DEFINE $CMDSizeY$ 16
DEFINE $CMDSizeZ$ 16
DEFINE $TextStart$ {"text":"","extra":[{"text":"[","color":"gray"},{"text":"NAME","color":"COLOR","bold":"true","hoverEvent":{"action":"show_text","value":{"text":"NAME","color":"COLOF"}}},{"text":"]","color":"gray"},{"text":": "},

///	Default Spawn selection
DEFINE $SP$ 

///	Bottom corner of fill block detection
DEFINE $CoordsSummon$ 

///	Distance X to fill
DEFINE $XFill$ 
///	Distance Z to teleport
DEFINE $ZDistance$ 
///	Distance Y to teleport
DEFINE $YDistance$ 

/// Entire fill area of stone
DEFINE $SelectFillStone$ 

///	Red Spawn Selection
DEFINE $SPR$ 

///	Number of Red Force Fields
DEFINE $FieldNumberR$ 
///	Red Force Fields
DEFINE $FieldR1$ 
DEFINE $FieldRTP1$ 

DEFINE $FieldR2$ 
DEFINE $FieldRTP2$ 


///	Blue Spawn Selection
DEFINE $SPB$ 

///	Number of Blue Force Fields
DEFINE $FieldNumberB$ 
///	Blue Force Fields
DEFINE $FieldB1$ 
DEFINE $FieldBTP1$ 

DEFINE $FieldB2$ 
DEFINE $FieldBTP2$ 

PCBPIMPORT PCBPI_Pos X OR Z .txt
//>



//<Comments
FUNC Func_RandomComments
	
END
//>

//<To Do 
FUNC Func_ToDoThings
TDWorks TDTest TDFix
Mandatory Unimplemented Changes:
	-
	
General Unimplemented Changes:
	-
	
Bugs:
	-
	
Implemented Changes:
	-
	
Bug fixes:
	-
	
END
//>












